Microsoft Visual Studio Solution File, Format Version 11.00
# Visual Studio 2008

Project("{7A351A3D-5266-4617-99AA-A4A3386A0514}") = "Desert Defence", "Assembly-CSharp-firstpass-vs.csproj", "{3600CE7C-3D72-2844-3F2C-89AC112158CD}"
EndProject
Project("{7A351A3D-5266-4617-99AA-A4A3386A0514}") = "Desert Defence", "Assembly-CSharp-vs.csproj", "{EC15AA35-2E6C-D3FC-69C9-B8D7D3A7CE8A}"
EndProject
Global
	GlobalSection(SolutionConfigurationPlatforms) = preSolution
		Debug|Any CPU = Debug|Any CPU
		Release|Any CPU = Release|Any CPU
	EndGlobalSection
	GlobalSection(ProjectConfigurationPlatforms) = postSolution
		{3600CE7C-3D72-2844-3F2C-89AC112158CD}.Debug|Any CPU.ActiveCfg = Debug|Any CPU
		{3600CE7C-3D72-2844-3F2C-89AC112158CD}.Debug|Any CPU.Build.0 = Debug|Any CPU
		{3600CE7C-3D72-2844-3F2C-89AC112158CD}.Release|Any CPU.ActiveCfg = Release|Any CPU
		{3600CE7C-3D72-2844-3F2C-89AC112158CD}.Release|Any CPU.Build.0 = Release|Any CPU
		{EC15AA35-2E6C-D3FC-69C9-B8D7D3A7CE8A}.Debug|Any CPU.ActiveCfg = Debug|Any CPU
		{EC15AA35-2E6C-D3FC-69C9-B8D7D3A7CE8A}.Debug|Any CPU.Build.0 = Debug|Any CPU
		{EC15AA35-2E6C-D3FC-69C9-B8D7D3A7CE8A}.Release|Any CPU.ActiveCfg = Release|Any CPU
		{EC15AA35-2E6C-D3FC-69C9-B8D7D3A7CE8A}.Release|Any CPU.Build.0 = Release|Any CPU
	EndGlobalSection
	GlobalSection(SolutionProperties) = preSolution
		HideSolutionNode = FALSE
	EndGlobalSection
											GlobalSection(MonoDevelopProperties) = preSolution
					GlobalSection(MonoDevelopProperties) = preSolution
		StartupItem = Assembly-CSharp.csproj
		Policies = $0
		$0.TextStylePolicy = $1
		$1.inheritsSet = null
		$1.scope = text/x-csharp
		$0.CSharpFormattingPolicy = $2
		$2.inheritsSet = Mono
		$2.inheritsScope = text/x-csharp
		$2.scope = text/x-csharp
		$0.TextStylePolicy = $3
		$3.FileWidth = 120
		$3.TabWidth = 4
		$3.EolMarker = Unix
		$3.inheritsSet = Mono
		$3.inheritsScope = text/plain
		$3.scope = text/plain
	EndGlobalSection

EndGlobal
